{
  "name": "VuePress",
  "version": "1.0.0",
  "lockfileVersion": 1,
  "requires": true,
  "dependencies": {
    "vuepress-plugin-cat": {
      "version": "1.0.3",
      "resolved": "https://registry.npm.taobao.org/vuepress-plugin-cat/download/vuepress-plugin-cat-1.0.3.tgz",
      "integrity": "sha1-77rEOYGuTe5VyHJrNHt7onIFJlQ="
    }
  }
}
